
Microsoft Visual Studio Solution File, Format Version 12.00
# Visual Studio Version 16
VisualStudioVersion = 16.0.31321.278
MinimumVisualStudioVersion = 10.0.40219.1
Project("{9A19103F-16F7-4668-BE54-9A1E7A4F7556}") = "ManualB2CAA", "ManualB2CAA.csproj", "{BE0078D3-6FC2-4AE2-8EA3-C2DDB71FD631}"
EndProject
Global
	GlobalSection(SolutionConfigurationPlatforms) = preSolution
		Debug|Any CPU = Debug|Any CPU
		Release|Any CPU = Release|Any CPU
	EndGlobalSection
	GlobalSection(ProjectConfigurationPlatforms) = postSolution
		{BE0078D3-6FC2-4AE2-8EA3-C2DDB71FD631}.Debug|Any CPU.ActiveCfg = Debug|Any CPU
		{BE0078D3-6FC2-4AE2-8EA3-C2DDB71FD631}.Debug|Any CPU.Build.0 = Debug|Any CPU
		{BE0078D3-6FC2-4AE2-8EA3-C2DDB71FD631}.Release|Any CPU.ActiveCfg = Release|Any CPU
		{BE0078D3-6FC2-4AE2-8EA3-C2DDB71FD631}.Release|Any CPU.Build.0 = Release|Any CPU
	EndGlobalSection
	GlobalSection(SolutionProperties) = preSolution
		HideSolutionNode = FALSE
	EndGlobalSection
	GlobalSection(ExtensibilityGlobals) = postSolution
		SolutionGuid = {FE321169-EF1E-40F2-AB85-8E5E1CAEFB94}
	EndGlobalSection
EndGlobal
